
Microsoft Visual Studio Solution File, Format Version 12.00
# Visual Studio 15
VisualStudioVersion = 15.0.26730.15
MinimumVisualStudioVersion = 10.0.40219.1
Project("{FAE04EC0-301F-11D3-BF4B-00C04F79EFBC}") = "room", "room.csproj", "{911477DC-7B24-4F73-8798-F1D21AE70E6A}"
EndProject
Global
	GlobalSection(SolutionConfigurationPlatforms) = preSolution
		Debug|Any CPU = Debug|Any CPU
		Release|Any CPU = Release|Any CPU
	EndGlobalSection
	GlobalSection(ProjectConfigurationPlatforms) = postSolution
		{911477DC-7B24-4F73-8798-F1D21AE70E6A}.Debug|Any CPU.ActiveCfg = Debug|Any CPU
		{911477DC-7B24-4F73-8798-F1D21AE70E6A}.Debug|Any CPU.Build.0 = Debug|Any CPU
		{911477DC-7B24-4F73-8798-F1D21AE70E6A}.Release|Any CPU.ActiveCfg = Release|Any CPU
		{911477DC-7B24-4F73-8798-F1D21AE70E6A}.Release|Any CPU.Build.0 = Release|Any CPU
	EndGlobalSection
	GlobalSection(SolutionProperties) = preSolution
		HideSolutionNode = FALSE
	EndGlobalSection
	GlobalSection(ExtensibilityGlobals) = postSolution
		SolutionGuid = {8E5242E3-FDEB-498E-81D5-E1B0CE7A4F6D}
	EndGlobalSection
EndGlobal
